<?xml version="1.0" encoding="utf-8"?>
<Project ToolsVersion="4.0" xmlns="http://schemas.microsoft.com/developer/msbuild/2003">
  <ItemGroup>
    <Filter Include="98.Default">
      <UniqueIdentifier>{ca8cb5d7-eb97-4e13-868c-35c5482f2f7f}</UniqueIdentifier>
    </Filter>
    <Filter Include="00. MainApp">
      <UniqueIdentifier>{8584ba6c-066c-4968-968a-0a34087d45d3}</UniqueIdentifier>
    </Filter>
    <Filter Include="99. Defines">
      <UniqueIdentifier>{71623b21-504b-41a1-a1df-b5c028e22f5d}</UniqueIdentifier>
    </Filter>
    <Filter Include="01. Levels">
      <UniqueIdentifier>{15b8446d-6ddd-448e-a585-54e4a63dd900}</UniqueIdentifier>
    </Filter>
    <Filter Include="01. Levels\00. Logo">
      <UniqueIdentifier>{841ddf86-66ae-4b04-bae2-720e1a742362}</UniqueIdentifier>
    </Filter>
    <Filter Include="01. Levels\01. Gameplay">
      <UniqueIdentifier>{2d942472-0036-45cc-b3c4-2599e6ee6e63}</UniqueIdentifier>
    </Filter>
    <Filter Include="01. Levels\99. Loading">
      <UniqueIdentifier>{94c50e97-8e3c-4b18-b0b3-557504ffb898}</UniqueIdentifier>
    </Filter>
    <Filter Include="01. Levels\99. Loading\Loader">
      <UniqueIdentifier>{101a83ee-f01e-4890-bbe0-49de20f5f897}</UniqueIdentifier>
    </Filter>
    <Filter Include="02. GameObjects">
      <UniqueIdentifier>{fb68bbc2-26ce-4760-bcce-98cd11387ddb}</UniqueIdentifier>
    </Filter>
    <Filter Include="97. ShaderFiles">
      <UniqueIdentifier>{f1b39e3b-051c-4d10-b071-e07f1466223d}</UniqueIdentifier>
    </Filter>
    <Filter Include="01. Levels\90. ImGui">
      <UniqueIdentifier>{a5f5ee42-b33f-46f5-a142-67540fe6e3b1}</UniqueIdentifier>
    </Filter>
    <Filter Include="02. GameObjects\UI">
      <UniqueIdentifier>{b44f6c71-887f-4124-aa1c-d4f8a46ab143}</UniqueIdentifier>
    </Filter>
    <Filter Include="02. GameObjects\UI\Menu_UI">
      <UniqueIdentifier>{deee2b3f-64d4-45b7-9a83-6a6b1ef198b2}</UniqueIdentifier>
    </Filter>
    <Filter Include="02. GameObjects\Terrain">
      <UniqueIdentifier>{bd8f6c1e-9db8-4313-84f6-b0c534d381a8}</UniqueIdentifier>
    </Filter>
    <Filter Include="02. GameObjects\Camera">
      <UniqueIdentifier>{86edeefb-b7c3-402b-b24e-91f70af235aa}</UniqueIdentifier>
    </Filter>
    <Filter Include="02. GameObjects\Camera\Camera_Free">
      <UniqueIdentifier>{c2d59788-6f3e-496f-b8ae-7dffe215f449}</UniqueIdentifier>
    </Filter>
    <Filter Include="02. GameObjects\UI\Loading_UI">
      <UniqueIdentifier>{a09c5918-2c0c-45a1-b74f-6b99c680b27b}</UniqueIdentifier>
    </Filter>
    <Filter Include="02. GameObjects\UI\GamePlay_UI">
      <UniqueIdentifier>{ea592776-649f-46c3-9f00-c36e0df4e33e}</UniqueIdentifier>
    </Filter>
    <Filter Include="02. GameObjects\UI\GamePlay_UI\CrossLine">
      <UniqueIdentifier>{506a56da-ca8a-47d0-ae83-29594cc501c1}</UniqueIdentifier>
    </Filter>
    <Filter Include="02. GameObjects\UI\GamePlay_UI\InGameUI">
      <UniqueIdentifier>{28a65b46-13ba-4f22-8177-5786ff43a4a9}</UniqueIdentifier>
    </Filter>
    <Filter Include="02. GameObjects\UI\2D_BackGround">
      <UniqueIdentifier>{b8cc729c-852a-46e3-9a46-db10bb74edfb}</UniqueIdentifier>
    </Filter>
    <Filter Include="02. GameObjects\UI\Button">
      <UniqueIdentifier>{2f5f4ae9-bd6b-4186-b020-5965ab08d8a2}</UniqueIdentifier>
    </Filter>
    <Filter Include="02. GameObjects\Environment">
      <UniqueIdentifier>{30ca4e58-b335-4598-a231-84a22f198bdc}</UniqueIdentifier>
    </Filter>
    <Filter Include="02. GameObjects\Player">
      <UniqueIdentifier>{d85c6c7e-5dee-4ff9-bb35-405e838c9579}</UniqueIdentifier>
    </Filter>
    <Filter Include="02. GameObjects\Player\Body">
      <UniqueIdentifier>{0198c07a-a3d8-437c-a7c9-df7e5bd789de}</UniqueIdentifier>
    </Filter>
    <Filter Include="02. GameObjects\Player\Weapon">
      <UniqueIdentifier>{83f8d798-7dd7-4595-9e60-ffad93ac730d}</UniqueIdentifier>
    </Filter>
    <Filter Include="02. GameObjects\Player\Head">
      <UniqueIdentifier>{0770bb3a-7494-4a7a-83f0-520740257c59}</UniqueIdentifier>
    </Filter>
    <Filter Include="02. GameObjects\Player\Pivot">
      <UniqueIdentifier>{585bb748-6e6c-454e-a963-2d321402d3be}</UniqueIdentifier>
    </Filter>
    <Filter Include="02. GameObjects\Map">
      <UniqueIdentifier>{14490b87-dea2-476a-9acb-77a8f9d70db3}</UniqueIdentifier>
    </Filter>
    <Filter Include="02. GameObjects\Player\Weapon\Weapon_Katana">
      <UniqueIdentifier>{287e9917-dce8-4422-820f-2abe31bb590e}</UniqueIdentifier>
    </Filter>
    <Filter Include="02. GameObjects\Environment\Weapon_Item">
      <UniqueIdentifier>{05982dc5-68eb-4d90-9836-cbc295bd6e07}</UniqueIdentifier>
    </Filter>
    <Filter Include="02. GameObjects\UI\GamePlay_UI\InGameUI\Circle_Guage">
      <UniqueIdentifier>{2b68e7da-d5a5-4be4-9e42-b1817676f13c}</UniqueIdentifier>
    </Filter>
    <Filter Include="02. GameObjects\Player\FPS">
      <UniqueIdentifier>{ae42c5d3-814b-444b-acf2-fb961415fcbe}</UniqueIdentifier>
    </Filter>
    <Filter Include="02. GameObjects\Monster">
      <UniqueIdentifier>{f3644440-5474-4a53-8e7b-2bfee04ed2c4}</UniqueIdentifier>
    </Filter>
    <Filter Include="02. GameObjects\Monster\Tank">
      <UniqueIdentifier>{45ea96bd-5d59-4896-af2c-75fbb219cdad}</UniqueIdentifier>
    </Filter>
    <Filter Include="02. GameObjects\Player_Build">
      <UniqueIdentifier>{b38e715d-0a77-4140-8724-ef6911f8e083}</UniqueIdentifier>
    </Filter>
    <Filter Include="02. GameObjects\Player_Build\BrainCore">
      <UniqueIdentifier>{3aa66dd5-e383-409e-a0a1-15796e4e7336}</UniqueIdentifier>
    </Filter>
    <Filter Include="02. GameObjects\Monster\Helicopter">
      <UniqueIdentifier>{1913bef7-68e3-4827-bd7e-dfa6a7b8be01}</UniqueIdentifier>
    </Filter>
    <Filter Include="02. GameObjects\Monster\Alien">
      <UniqueIdentifier>{81843730-7028-46c8-9190-8f42ca3bdf57}</UniqueIdentifier>
    </Filter>
    <Filter Include="01. Levels\91. MonsterPath">
      <UniqueIdentifier>{1ef96131-5657-435e-911a-f642d4adc65d}</UniqueIdentifier>
    </Filter>
    <Filter Include="01. Levels\92. NavigationTool">
      <UniqueIdentifier>{03d94424-1d3e-4e45-8388-3413907937c1}</UniqueIdentifier>
    </Filter>
    <Filter Include="02. GameObjects\Player\Weapon\Player_Bullet">
      <UniqueIdentifier>{393b5cff-3b49-41b0-942c-4a6c843ed3b2}</UniqueIdentifier>
    </Filter>
    <Filter Include="02. GameObjects\UI\GamePlay_UI\NumberUI">
      <UniqueIdentifier>{8d1a15f3-2bc0-49f4-9a22-05c1cf059963}</UniqueIdentifier>
    </Filter>
    <Filter Include="02. GameObjects\Environment\Coin">
      <UniqueIdentifier>{696d48e3-9320-4cda-ae79-14321b952575}</UniqueIdentifier>
    </Filter>
    <Filter Include="01. Levels\01. Gameplay\Round">
      <UniqueIdentifier>{7379d2e9-2108-4189-9f56-d69f5e5674ec}</UniqueIdentifier>
    </Filter>
    <Filter Include="02. GameObjects\CollisionBox">
      <UniqueIdentifier>{662bfdc2-493f-4ce2-b2ca-bc0e80252a78}</UniqueIdentifier>
    </Filter>
    <Filter Include="02. GameObjects\Player_Build\Trap">
      <UniqueIdentifier>{411ab8d6-9e7f-40ec-8462-273b4c8ed234}</UniqueIdentifier>
    </Filter>
    <Filter Include="02. GameObjects\Player_Build\Trap\Trap_Marks">
      <UniqueIdentifier>{fe668ea9-31f5-4a1c-bd63-4803ed8a9fbf}</UniqueIdentifier>
    </Filter>
    <Filter Include="02. GameObjects\Player_Build\Trap\Trap_Bricks">
      <UniqueIdentifier>{6ccd7afc-f0ed-412c-8a5e-6f824dfb0882}</UniqueIdentifier>
    </Filter>
    <Filter Include="02. GameObjects\Player_Build\Trap\Trap_Bricks\Broken_Bricks">
      <UniqueIdentifier>{ec074762-d2bc-4b28-82f7-5cd0e7688685}</UniqueIdentifier>
    </Filter>
    <Filter Include="02. GameObjects\Environment\Battery">
      <UniqueIdentifier>{fdde6bc9-c926-4c03-8b3f-b0b3250e37e6}</UniqueIdentifier>
    </Filter>
    <Filter Include="02. GameObjects\Monster\RifleMan">
      <UniqueIdentifier>{05a84495-cb99-4a4e-b626-dff4901b9de2}</UniqueIdentifier>
    </Filter>
    <Filter Include="02. GameObjects\Monster\RifleMan\RifleState">
      <UniqueIdentifier>{c74b7d69-4ebf-4dda-bae0-46ba6dd690ca}</UniqueIdentifier>
    </Filter>
    <Filter Include="02. GameObjects\Monster\RifleMan\RifleState\Move">
      <UniqueIdentifier>{ef887411-95f8-4219-939d-1c79b8ed578f}</UniqueIdentifier>
    </Filter>
    <Filter Include="02. GameObjects\Monster\RifleMan\RifleState\Fire">
      <UniqueIdentifier>{e8c5ff00-902a-49de-ae09-ba464a751aa4}</UniqueIdentifier>
    </Filter>
    <Filter Include="02. GameObjects\Monster\Blimp">
      <UniqueIdentifier>{0cd2b8c8-f6a4-473c-ab3b-a14aa3bbc3c6}</UniqueIdentifier>
    </Filter>
    <Filter Include="01. Levels\Level_Select">
      <UniqueIdentifier>{77ce3ac7-86a9-4da9-853a-fb5fdf6b9b82}</UniqueIdentifier>
    </Filter>
    <Filter Include="01. Levels\02. Game_Yard">
      <UniqueIdentifier>{ef8d556f-7b84-4f02-91db-eec1a6ee363e}</UniqueIdentifier>
    </Filter>
    <Filter Include="02. GameObjects\Environment\Coin_Item">
      <UniqueIdentifier>{338993a4-951e-49ba-aaaf-dcddd4043934}</UniqueIdentifier>
    </Filter>
    <Filter Include="02. GameObjects\Environment\Hp_Item">
      <UniqueIdentifier>{9b95b059-579d-4156-b622-344150a7e38f}</UniqueIdentifier>
    </Filter>
    <Filter Include="01. Levels\02. Game_Yard\Round">
      <UniqueIdentifier>{f1f03257-541c-4ada-a28b-309d557d8c8c}</UniqueIdentifier>
    </Filter>
    <Filter Include="02. GameObjects\Effect">
      <UniqueIdentifier>{6da46bf3-5ec2-4d58-a4f9-043b48015039}</UniqueIdentifier>
    </Filter>
    <Filter Include="02. GameObjects\Monster\Missile_Truck">
      <UniqueIdentifier>{217e1ef8-cb66-4cff-b262-fc9bb210e244}</UniqueIdentifier>
    </Filter>
    <Filter Include="02. GameObjects\Monster\Missile_Truck\TruckBody">
      <UniqueIdentifier>{246e61e4-a0b0-49b1-aa65-5e7f2516039e}</UniqueIdentifier>
    </Filter>
    <Filter Include="02. GameObjects\Monster\Missile_Truck\Tracker">
      <UniqueIdentifier>{02a2422e-71f5-4e25-9627-339faa96fafb}</UniqueIdentifier>
    </Filter>
    <Filter Include="02. GameObjects\Effect\Explosion">
      <UniqueIdentifier>{dab86687-b7ae-43d5-915d-ba7345fb61aa}</UniqueIdentifier>
    </Filter>
    <Filter Include="02. GameObjects\Terrain\SkyBox">
      <UniqueIdentifier>{74b89f2b-2c46-4e83-a151-ccdf8a1b30eb}</UniqueIdentifier>
    </Filter>
    <Filter Include="02. GameObjects\Monster\RifleMan\RifleState\Idle">
      <UniqueIdentifier>{bf55b354-2926-4f3a-b25b-5c00e0534e9f}</UniqueIdentifier>
    </Filter>
    <Filter Include="02. GameObjects\UI\GamePlay_UI\InGameUI_3D">
      <UniqueIdentifier>{00f6e596-1553-4c42-83f1-98fbfe87101d}</UniqueIdentifier>
    </Filter>
    <Filter Include="02. GameObjects\Environment\CollectItem">
      <UniqueIdentifier>{9cd406c9-853e-4075-ad4b-6722f20bb1e9}</UniqueIdentifier>
    </Filter>
    <Filter Include="02. GameObjects\Monster\Missile_Truck\Truck_Missile">
      <UniqueIdentifier>{f782c1a1-e83b-4b0d-83ee-d56b1e5c3d32}</UniqueIdentifier>
    </Filter>
    <Filter Include="02. GameObjects\Monster\Missile_Truck\Truck_Shooter">
      <UniqueIdentifier>{021238db-56f7-4d4c-a3d1-11cf57418491}</UniqueIdentifier>
    </Filter>
    <Filter Include="02. GameObjects\Monster\Monster_Bullet">
      <UniqueIdentifier>{292609d5-f940-46cf-93b7-6d9cb5612a5a}</UniqueIdentifier>
    </Filter>
    <Filter Include="02. GameObjects\Monster\Pony">
      <UniqueIdentifier>{da0e7df8-edb2-4fab-949a-81cdf498bef8}</UniqueIdentifier>
    </Filter>
    <Filter Include="02. GameObjects\Monster\Pony\PonyState">
      <UniqueIdentifier>{6789da16-12d8-452b-9edb-f89660d4faa1}</UniqueIdentifier>
    </Filter>
    <Filter Include="02. GameObjects\Monster\Pony\PonyState\Trot">
      <UniqueIdentifier>{beb832c6-04c0-4e63-8864-74c1264a421b}</UniqueIdentifier>
    </Filter>
    <Filter Include="02. GameObjects\Monster\Pony\PonyState\Attack">
      <UniqueIdentifier>{600d30e4-46ac-4565-9461-ee2a7313ea54}</UniqueIdentifier>
    </Filter>
    <Filter Include="02. GameObjects\Monster\Pony\PonyState\Run">
      <UniqueIdentifier>{32a41391-cbed-427b-b65c-cd96d989808f}</UniqueIdentifier>
    </Filter>
    <Filter Include="02. GameObjects\Player_Build\Energy_Machine">
      <UniqueIdentifier>{d6b47026-cd40-4ed7-a930-60cafb4d676f}</UniqueIdentifier>
    </Filter>
    <Filter Include="02. GameObjects\Player_Build\Energy_Machine\Energy_Lader">
      <UniqueIdentifier>{348452e4-8081-435c-b4a5-0db2a71ebe4d}</UniqueIdentifier>
    </Filter>
    <Filter Include="02. GameObjects\Player_Build\Energy_Machine\Energy_Cap">
      <UniqueIdentifier>{2cbf4936-949e-4887-bdef-976114fd388d}</UniqueIdentifier>
    </Filter>
    <Filter Include="02. GameObjects\Effect\Particle">
      <UniqueIdentifier>{3aac91b1-1474-4019-954c-f17400b181f3}</UniqueIdentifier>
    </Filter>
    <Filter Include="02. GameObjects\Effect\Particle\Rect">
      <UniqueIdentifier>{c5cafe1e-3af3-4af9-9dd9-2e664f8ffb28}</UniqueIdentifier>
    </Filter>
    <Filter Include="02. GameObjects\Effect\Particle\Point">
      <UniqueIdentifier>{68868494-6ff3-4ac1-8d3e-b8b53162969b}</UniqueIdentifier>
    </Filter>
    <Filter Include="02. GameObjects\Effect\Particle\Grass">
      <UniqueIdentifier>{de992f9e-da48-43c0-b601-58dd40f04962}</UniqueIdentifier>
    </Filter>
    <Filter Include="02. GameObjects\Attack">
      <UniqueIdentifier>{9cda048e-ef13-4ebe-a879-905f63e79ad4}</UniqueIdentifier>
    </Filter>
    <Filter Include="02. GameObjects\Effect\Flare_Rifle">
      <UniqueIdentifier>{6c2a35bf-4a32-4848-a9cb-7db3efba07e9}</UniqueIdentifier>
    </Filter>
    <Filter Include="02. GameObjects\Effect\Explosion_Tank">
      <UniqueIdentifier>{be15ed70-55bb-48d4-b26e-7f355e798222}</UniqueIdentifier>
    </Filter>
    <Filter Include="02. GameObjects\Effect\Terrain_Crushed">
      <UniqueIdentifier>{999b01dc-d67b-4ce6-b805-494935a348c5}</UniqueIdentifier>
    </Filter>
    <Filter Include="02. GameObjects\Player_Build\Energy_Machine\Rader">
      <UniqueIdentifier>{5b0a85c4-26a7-4a47-b557-661edec1ac85}</UniqueIdentifier>
    </Filter>
    <Filter Include="02. GameObjects\Player\Slash_Mesh">
      <UniqueIdentifier>{ea70190d-432f-4b57-8b2e-a3526aa3e14f}</UniqueIdentifier>
    </Filter>
    <Filter Include="02. GameObjects\Effect\Electricity">
      <UniqueIdentifier>{cbc26eba-7a1f-4d99-92bd-5da4b8ba22e6}</UniqueIdentifier>
    </Filter>
    <Filter Include="02. GameObjects\Effect\Katana_Effect">
      <UniqueIdentifier>{878f5bf1-66a1-42e1-a092-d0b7ad982353}</UniqueIdentifier>
    </Filter>
    <Filter Include="02. GameObjects\Effect\Missile_Flame">
      <UniqueIdentifier>{430e8763-659b-4940-bf55-c7a9ec3ee1ae}</UniqueIdentifier>
    </Filter>
  </ItemGroup>
  <ItemGroup>
    <ClInclude Include="Client.h">
      <Filter>98.Default</Filter>
    </ClInclude>
    <ClInclude Include="stdafx.h">
      <Filter>98.Default</Filter>
    </ClInclude>
    <ClInclude Include="Resource.h">
      <Filter>98.Default</Filter>
    </ClInclude>
    <ClInclude Include="targetver.h">
      <Filter>98.Default</Filter>
    </ClInclude>
    <ClInclude Include="..\Public\MainApp.h">
      <Filter>00. MainApp</Filter>
    </ClInclude>
    <ClInclude Include="..\Public\Level_Logo.h">
      <Filter>01. Levels\00. Logo</Filter>
    </ClInclude>
    <ClInclude Include="..\Public\Level_GamePlay.h">
      <Filter>01. Levels\01. Gameplay</Filter>
    </ClInclude>
    <ClInclude Include="..\Public\Level_Loading.h">
      <Filter>01. Levels\99. Loading</Filter>
    </ClInclude>
    <ClInclude Include="..\Public\Loader.h">
      <Filter>01. Levels\99. Loading\Loader</Filter>
    </ClInclude>
    <ClInclude Include="..\Public\Client_Defines.h">
      <Filter>99. Defines</Filter>
    </ClInclude>
    <ClInclude Include="..\Public\BackGround.h">
      <Filter>02. GameObjects\UI\2D_BackGround</Filter>
    </ClInclude>
    <ClInclude Include="..\Public\Level_ImGui.h">
      <Filter>01. Levels\90. ImGui</Filter>
    </ClInclude>
    <ClInclude Include="..\Public\CrossLine.h">
      <Filter>02. GameObjects\UI\GamePlay_UI\CrossLine</Filter>
    </ClInclude>
    <ClInclude Include="..\Public\InGameUI.h">
      <Filter>02. GameObjects\UI\GamePlay_UI\InGameUI</Filter>
    </ClInclude>
    <ClInclude Include="..\Public\MenuUI.h">
      <Filter>02. GameObjects\UI\Menu_UI</Filter>
    </ClInclude>
    <ClInclude Include="..\Public\Terrain.h">
      <Filter>02. GameObjects\Terrain</Filter>
    </ClInclude>
    <ClInclude Include="..\Public\Camera_Free.h">
      <Filter>02. GameObjects\Camera\Camera_Free</Filter>
    </ClInclude>
    <ClInclude Include="..\Public\Loading_UI.h">
      <Filter>02. GameObjects\UI\Loading_UI</Filter>
    </ClInclude>
    <ClInclude Include="..\Public\Monster.h">
      <Filter>02. GameObjects\Monster</Filter>
    </ClInclude>
    <ClInclude Include="..\Public\ButtonUI.h">
      <Filter>02. GameObjects\UI\Button</Filter>
    </ClInclude>
    <ClInclude Include="..\Public\Environment.h">
      <Filter>02. GameObjects\Environment</Filter>
    </ClInclude>
    <ClInclude Include="..\Public\Player.h">
      <Filter>02. GameObjects\Player</Filter>
    </ClInclude>
    <ClInclude Include="..\Public\Body_Player.h">
      <Filter>02. GameObjects\Player\Body</Filter>
    </ClInclude>
    <ClInclude Include="..\Public\Weapon.h">
      <Filter>02. GameObjects\Player\Weapon</Filter>
    </ClInclude>
    <ClInclude Include="..\Public\Head_Player.h">
      <Filter>02. GameObjects\Player\Head</Filter>
    </ClInclude>
    <ClInclude Include="..\Public\Pivot.h">
      <Filter>02. GameObjects\Player\Pivot</Filter>
    </ClInclude>
    <ClInclude Include="..\Public\CollisionBox.h">
      <Filter>02. GameObjects\CollisionBox</Filter>
    </ClInclude>
    <ClInclude Include="..\Public\Weapon_Katana.h">
      <Filter>02. GameObjects\Player\Weapon\Weapon_Katana</Filter>
    </ClInclude>
    <ClInclude Include="..\Public\Weapon_Item.h">
      <Filter>02. GameObjects\Environment\Weapon_Item</Filter>
    </ClInclude>
    <ClInclude Include="..\Public\UI_CircleGuage.h">
      <Filter>02. GameObjects\UI\GamePlay_UI\InGameUI\Circle_Guage</Filter>
    </ClInclude>
    <ClInclude Include="..\Public\Player_FPS.h">
      <Filter>02. GameObjects\Player\FPS</Filter>
    </ClInclude>
    <ClInclude Include="..\Public\FPS_Pivot.h">
      <Filter>02. GameObjects\Player\Pivot</Filter>
    </ClInclude>
    <ClInclude Include="..\Public\Tank.h">
      <Filter>02. GameObjects\Monster\Tank</Filter>
    </ClInclude>
    <ClInclude Include="..\Public\Player_Build.h">
      <Filter>02. GameObjects\Player_Build</Filter>
    </ClInclude>
    <ClInclude Include="..\Public\BrainCore.h">
      <Filter>02. GameObjects\Player_Build\BrainCore</Filter>
    </ClInclude>
    <ClInclude Include="..\Public\Helicopter.h">
      <Filter>02. GameObjects\Monster\Helicopter</Filter>
    </ClInclude>
    <ClInclude Include="..\Public\Alien.h">
      <Filter>02. GameObjects\Monster\Alien</Filter>
    </ClInclude>
    <ClInclude Include="..\Public\Pony.h">
      <Filter>02. GameObjects\Monster\Pony</Filter>
    </ClInclude>
    <ClInclude Include="..\Public\Monster_Path.h">
      <Filter>01. Levels\91. MonsterPath</Filter>
    </ClInclude>
    <ClInclude Include="..\Public\Navigation_Leve.h">
      <Filter>01. Levels\92. NavigationTool</Filter>
    </ClInclude>
    <ClInclude Include="..\Public\Bullet.h">
      <Filter>02. GameObjects\Player\Weapon\Player_Bullet</Filter>
    </ClInclude>
    <ClInclude Include="..\Public\Sky.h">
      <Filter>02. GameObjects\Terrain\SkyBox</Filter>
    </ClInclude>
    <ClInclude Include="..\Public\Monster_Bullet.h">
      <Filter>02. GameObjects\Monster\Monster_Bullet</Filter>
    </ClInclude>
    <ClInclude Include="..\Public\NumberUI.h">
      <Filter>02. GameObjects\UI\GamePlay_UI\NumberUI</Filter>
    </ClInclude>
    <ClInclude Include="..\Public\Coin.h">
      <Filter>02. GameObjects\Environment\Coin</Filter>
    </ClInclude>
    <ClInclude Include="..\Public\GamePlay_Round.h">
      <Filter>01. Levels\01. Gameplay\Round</Filter>
    </ClInclude>
    <ClInclude Include="..\Public\Trap_Marks.h">
      <Filter>02. GameObjects\Player_Build\Trap\Trap_Marks</Filter>
    </ClInclude>
    <ClInclude Include="..\Public\Trap_Bricks.h">
      <Filter>02. GameObjects\Player_Build\Trap\Trap_Bricks</Filter>
    </ClInclude>
    <ClInclude Include="..\Public\Broken_Bricks.h">
      <Filter>02. GameObjects\Player_Build\Trap\Trap_Bricks\Broken_Bricks</Filter>
    </ClInclude>
    <ClInclude Include="..\Public\Energy_Machine.h">
      <Filter>02. GameObjects\Player_Build\Energy_Machine</Filter>
    </ClInclude>
    <ClInclude Include="..\Public\Energy_Lader.h">
      <Filter>02. GameObjects\Player_Build\Energy_Machine\Energy_Lader</Filter>
    </ClInclude>
    <ClInclude Include="..\Public\Energy_Cap.h">
      <Filter>02. GameObjects\Player_Build\Energy_Machine\Energy_Cap</Filter>
    </ClInclude>
    <ClInclude Include="..\Public\Battery.h">
      <Filter>02. GameObjects\Environment\Battery</Filter>
    </ClInclude>
    <ClInclude Include="..\Public\Pony_State.h">
      <Filter>02. GameObjects\Monster\Pony\PonyState</Filter>
    </ClInclude>
    <ClInclude Include="..\Public\TrotState_Pony.h">
      <Filter>02. GameObjects\Monster\Pony\PonyState\Trot</Filter>
    </ClInclude>
    <ClInclude Include="..\Public\AttackState_Pony.h">
      <Filter>02. GameObjects\Monster\Pony\PonyState\Attack</Filter>
    </ClInclude>
    <ClInclude Include="..\Public\RunState_Pony.h">
      <Filter>02. GameObjects\Monster\Pony\PonyState\Run</Filter>
    </ClInclude>
    <ClInclude Include="Pony_Defines.h">
      <Filter>02. GameObjects\Monster\Pony\PonyState</Filter>
    </ClInclude>
    <ClInclude Include="..\Public\RifleMan.h">
      <Filter>02. GameObjects\Monster\RifleMan</Filter>
    </ClInclude>
    <ClInclude Include="RifleMan_State.h">
      <Filter>02. GameObjects\Monster\RifleMan\RifleState</Filter>
    </ClInclude>
    <ClInclude Include="RifleMan_Defines.h">
      <Filter>02. GameObjects\Monster\RifleMan\RifleState</Filter>
    </ClInclude>
    <ClInclude Include="..\Public\RifleMan_Fire.h">
      <Filter>02. GameObjects\Monster\RifleMan\RifleState\Fire</Filter>
    </ClInclude>
    <ClInclude Include="..\Public\RifleMan_Move.h">
      <Filter>02. GameObjects\Monster\RifleMan\RifleState\Move</Filter>
    </ClInclude>
    <ClInclude Include="..\Public\Blimp.h">
      <Filter>02. GameObjects\Monster\Blimp</Filter>
    </ClInclude>
    <ClInclude Include="..\Public\Level_Yard.h">
      <Filter>01. Levels\02. Game_Yard</Filter>
    </ClInclude>
    <ClInclude Include="..\Public\Level_Select.h">
      <Filter>01. Levels\Level_Select</Filter>
    </ClInclude>
    <ClInclude Include="..\Public\Coin_Item.h">
      <Filter>02. GameObjects\Environment\Coin_Item</Filter>
    </ClInclude>
    <ClInclude Include="..\Public\Hp_Item.h">
      <Filter>02. GameObjects\Environment\Hp_Item</Filter>
    </ClInclude>
    <ClInclude Include="..\Public\Yard_Round.h">
      <Filter>01. Levels\02. Game_Yard\Round</Filter>
    </ClInclude>
    <ClInclude Include="..\Public\Particle_Snow.h">
      <Filter>02. GameObjects\Effect\Particle\Rect</Filter>
    </ClInclude>
    <ClInclude Include="..\Public\Particle_Explosion.h">
      <Filter>02. GameObjects\Effect\Particle\Point</Filter>
    </ClInclude>
    <ClInclude Include="..\Public\Grass_Instancing.h">
      <Filter>02. GameObjects\Effect\Particle\Grass</Filter>
    </ClInclude>
    <ClInclude Include="..\Public\Missile_Truck.h">
      <Filter>02. GameObjects\Monster\Missile_Truck</Filter>
    </ClInclude>
    <ClInclude Include="..\Public\TruckShooter.h">
      <Filter>02. GameObjects\Monster\Missile_Truck\Truck_Shooter</Filter>
    </ClInclude>
    <ClInclude Include="..\Public\TruckBody.h">
      <Filter>02. GameObjects\Monster\Missile_Truck\TruckBody</Filter>
    </ClInclude>
    <ClInclude Include="..\Public\Truck_Missile.h">
      <Filter>02. GameObjects\Monster\Missile_Truck\Truck_Missile</Filter>
    </ClInclude>
    <ClInclude Include="..\Public\Tracker.h">
      <Filter>02. GameObjects\Monster\Missile_Truck\Tracker</Filter>
    </ClInclude>
    <ClInclude Include="..\Public\RifleMan_Idle.h">
      <Filter>02. GameObjects\Monster\RifleMan\RifleState\Idle</Filter>
    </ClInclude>
    <ClInclude Include="..\Public\UI_3D.h">
      <Filter>02. GameObjects\UI\GamePlay_UI\InGameUI_3D</Filter>
    </ClInclude>
    <ClInclude Include="..\Public\Collector.h">
      <Filter>02. GameObjects\Environment\CollectItem</Filter>
    </ClInclude>
    <ClInclude Include="..\Public\Effect_Flare_Rifle.h">
      <Filter>02. GameObjects\Effect\Flare_Rifle</Filter>
    </ClInclude>
    <ClInclude Include="..\Public\Effect_Explosion.h">
      <Filter>02. GameObjects\Effect\Explosion</Filter>
    </ClInclude>
    <ClInclude Include="..\Public\Explosion.h">
      <Filter>02. GameObjects\Attack</Filter>
    </ClInclude>
    <ClInclude Include="..\Public\Effect.h">
      <Filter>02. GameObjects\Effect</Filter>
    </ClInclude>
    <ClInclude Include="..\Public\Effect_Explosion_Tank.h">
      <Filter>02. GameObjects\Effect\Explosion_Tank</Filter>
    </ClInclude>
    <ClInclude Include="..\Public\Terrain_Crushed.h">
      <Filter>02. GameObjects\Effect\Terrain_Crushed</Filter>
    </ClInclude>
    <ClInclude Include="..\Public\Slash_Mesh.h">
      <Filter>02. GameObjects\Player\Slash_Mesh</Filter>
    </ClInclude>
    <ClInclude Include="..\Public\Rader_Effect.h">
      <Filter>02. GameObjects\Player_Build\Energy_Machine\Rader</Filter>
    </ClInclude>
    <ClInclude Include="..\Public\Effect_Electricity.h">
      <Filter>02. GameObjects\Effect\Electricity</Filter>
    </ClInclude>
    <ClInclude Include="..\Public\Katana_Effect.h">
      <Filter>02. GameObjects\Effect\Katana_Effect</Filter>
    </ClInclude>
    <ClInclude Include="..\Public\Missile_Flame.h">
      <Filter>02. GameObjects\Effect\Missile_Flame</Filter>
    </ClInclude>
  </ItemGroup>
  <ItemGroup>
    <ClCompile Include="Client.cpp">
      <Filter>98.Default</Filter>
    </ClCompile>
    <ClCompile Include="..\Private\MainApp.cpp">
      <Filter>00. MainApp</Filter>
    </ClCompile>
    <ClCompile Include="stdafx.cpp">
      <Filter>98.Default</Filter>
    </ClCompile>
    <ClCompile Include="..\Private\Level_Logo.cpp">
      <Filter>01. Levels\00. Logo</Filter>
    </ClCompile>
    <ClCompile Include="..\Private\Level_GamePlay.cpp">
      <Filter>01. Levels\01. Gameplay</Filter>
    </ClCompile>
    <ClCompile Include="..\Private\Level_Loading.cpp">
      <Filter>01. Levels\99. Loading</Filter>
    </ClCompile>
    <ClCompile Include="..\Private\Loader.cpp">
      <Filter>01. Levels\99. Loading\Loader</Filter>
    </ClCompile>
    <ClCompile Include="..\Private\BackGround.cpp">
      <Filter>02. GameObjects\UI\2D_BackGround</Filter>
    </ClCompile>
    <ClCompile Include="..\Private\Level_ImGui.cpp">
      <Filter>01. Levels\90. ImGui</Filter>
    </ClCompile>
    <ClCompile Include="..\Private\CrossLine.cpp">
      <Filter>02. GameObjects\UI\GamePlay_UI\CrossLine</Filter>
    </ClCompile>
    <ClCompile Include="..\Private\InGameUI.cpp">
      <Filter>02. GameObjects\UI\GamePlay_UI\InGameUI</Filter>
    </ClCompile>
    <ClCompile Include="..\Private\MenuUI.cpp">
      <Filter>02. GameObjects\UI\Menu_UI</Filter>
    </ClCompile>
    <ClCompile Include="..\Private\Terrain.cpp">
      <Filter>02. GameObjects\Terrain</Filter>
    </ClCompile>
    <ClCompile Include="..\Private\Camera_Free.cpp">
      <Filter>02. GameObjects\Camera\Camera_Free</Filter>
    </ClCompile>
    <ClCompile Include="..\Private\Loading_UI.cpp">
      <Filter>02. GameObjects\UI\Loading_UI</Filter>
    </ClCompile>
    <ClCompile Include="..\Private\Monster.cpp">
      <Filter>02. GameObjects\Monster</Filter>
    </ClCompile>
    <ClCompile Include="..\Private\ButtonUI.cpp">
      <Filter>02. GameObjects\UI\Button</Filter>
    </ClCompile>
    <ClCompile Include="..\Private\Environment.cpp">
      <Filter>02. GameObjects\Environment</Filter>
    </ClCompile>
    <ClCompile Include="..\Private\Player.cpp">
      <Filter>02. GameObjects\Player</Filter>
    </ClCompile>
    <ClCompile Include="..\Private\Body_Player.cpp">
      <Filter>02. GameObjects\Player\Body</Filter>
    </ClCompile>
    <ClCompile Include="..\Private\Weapon.cpp">
      <Filter>02. GameObjects\Player\Weapon</Filter>
    </ClCompile>
    <ClCompile Include="..\Private\Head_Player.cpp">
      <Filter>02. GameObjects\Player\Head</Filter>
    </ClCompile>
    <ClCompile Include="..\Private\Pivot.cpp">
      <Filter>02. GameObjects\Player\Pivot</Filter>
    </ClCompile>
    <ClCompile Include="..\Private\CollisionBox.cpp">
      <Filter>02. GameObjects\CollisionBox</Filter>
    </ClCompile>
    <ClCompile Include="..\Private\Weapon_Katana.cpp">
      <Filter>02. GameObjects\Player\Weapon\Weapon_Katana</Filter>
    </ClCompile>
    <ClCompile Include="..\Private\Weapon_Item.cpp">
      <Filter>02. GameObjects\Environment\Weapon_Item</Filter>
    </ClCompile>
    <ClCompile Include="..\Private\UI_CircleGuage.cpp">
      <Filter>02. GameObjects\UI\GamePlay_UI\InGameUI\Circle_Guage</Filter>
    </ClCompile>
    <ClCompile Include="..\Private\Player_FPS.cpp">
      <Filter>02. GameObjects\Player\FPS</Filter>
    </ClCompile>
    <ClCompile Include="..\Private\FPS_Pivot.cpp">
      <Filter>02. GameObjects\Player\Pivot</Filter>
    </ClCompile>
    <ClCompile Include="..\Private\Tank.cpp">
      <Filter>02. GameObjects\Monster\Tank</Filter>
    </ClCompile>
    <ClCompile Include="..\Private\Player_Build.cpp">
      <Filter>02. GameObjects\Player_Build</Filter>
    </ClCompile>
    <ClCompile Include="..\Private\BrainCore.cpp">
      <Filter>02. GameObjects\Player_Build\BrainCore</Filter>
    </ClCompile>
    <ClCompile Include="..\Private\Helicopter.cpp">
      <Filter>02. GameObjects\Monster\Helicopter</Filter>
    </ClCompile>
    <ClCompile Include="..\Private\Alien.cpp">
      <Filter>02. GameObjects\Monster\Alien</Filter>
    </ClCompile>
    <ClCompile Include="..\Private\Pony.cpp">
      <Filter>02. GameObjects\Monster\Pony</Filter>
    </ClCompile>
    <ClCompile Include="..\Private\Monster_Path.cpp">
      <Filter>01. Levels\91. MonsterPath</Filter>
    </ClCompile>
    <ClCompile Include="..\Private\Navigation_Leve.cpp">
      <Filter>01. Levels\92. NavigationTool</Filter>
    </ClCompile>
    <ClCompile Include="..\Private\Bullet.cpp">
      <Filter>02. GameObjects\Player\Weapon\Player_Bullet</Filter>
    </ClCompile>
    <ClCompile Include="..\Private\Sky.cpp">
      <Filter>02. GameObjects\Terrain\SkyBox</Filter>
    </ClCompile>
    <ClCompile Include="..\Private\Monster_Bullet.cpp">
      <Filter>02. GameObjects\Monster\Monster_Bullet</Filter>
    </ClCompile>
    <ClCompile Include="..\Private\NumberUI.cpp">
      <Filter>02. GameObjects\UI\GamePlay_UI\NumberUI</Filter>
    </ClCompile>
    <ClCompile Include="..\Private\Coin.cpp">
      <Filter>02. GameObjects\Environment\Coin</Filter>
    </ClCompile>
    <ClCompile Include="..\Private\GamePlay_Round.cpp">
      <Filter>01. Levels\01. Gameplay\Round</Filter>
    </ClCompile>
    <ClCompile Include="..\Private\Trap_Marks.cpp">
      <Filter>02. GameObjects\Player_Build\Trap\Trap_Marks</Filter>
    </ClCompile>
    <ClCompile Include="..\Private\Trap_Bricks.cpp">
      <Filter>02. GameObjects\Player_Build\Trap\Trap_Bricks</Filter>
    </ClCompile>
    <ClCompile Include="..\Private\Broken_Bricks.cpp">
      <Filter>02. GameObjects\Player_Build\Trap\Trap_Bricks\Broken_Bricks</Filter>
    </ClCompile>
    <ClCompile Include="..\Private\Energy_Machine.cpp">
      <Filter>02. GameObjects\Player_Build\Energy_Machine</Filter>
    </ClCompile>
    <ClCompile Include="..\Private\Energy_Lader.cpp">
      <Filter>02. GameObjects\Player_Build\Energy_Machine\Energy_Lader</Filter>
    </ClCompile>
    <ClCompile Include="..\Private\Energy_Cap.cpp">
      <Filter>02. GameObjects\Player_Build\Energy_Machine\Energy_Cap</Filter>
    </ClCompile>
    <ClCompile Include="..\Private\Battery.cpp">
      <Filter>02. GameObjects\Environment\Battery</Filter>
    </ClCompile>
    <ClCompile Include="..\Private\TrotState_Pony.cpp">
      <Filter>02. GameObjects\Monster\Pony\PonyState\Trot</Filter>
    </ClCompile>
    <ClCompile Include="..\Private\AttackState_Pony.cpp">
      <Filter>02. GameObjects\Monster\Pony\PonyState\Attack</Filter>
    </ClCompile>
    <ClCompile Include="..\Private\RunState_Pony.cpp">
      <Filter>02. GameObjects\Monster\Pony\PonyState\Run</Filter>
    </ClCompile>
    <ClCompile Include="..\Private\RifleMan.cpp">
      <Filter>02. GameObjects\Monster\RifleMan</Filter>
    </ClCompile>
    <ClCompile Include="..\Private\RifleMan_Fire.cpp">
      <Filter>02. GameObjects\Monster\RifleMan\RifleState\Fire</Filter>
    </ClCompile>
    <ClCompile Include="..\Private\RifleMan_Move.cpp">
      <Filter>02. GameObjects\Monster\RifleMan\RifleState\Move</Filter>
    </ClCompile>
    <ClCompile Include="..\Private\Blimp.cpp">
      <Filter>02. GameObjects\Monster\Blimp</Filter>
    </ClCompile>
    <ClCompile Include="..\Private\Level_Yard.cpp">
      <Filter>01. Levels\02. Game_Yard</Filter>
    </ClCompile>
    <ClCompile Include="..\Private\Level_Select.cpp">
      <Filter>01. Levels\Level_Select</Filter>
    </ClCompile>
    <ClCompile Include="..\Private\Coin_Item.cpp">
      <Filter>02. GameObjects\Environment\Coin_Item</Filter>
    </ClCompile>
    <ClCompile Include="..\Private\Hp_Item.cpp">
      <Filter>02. GameObjects\Environment\Hp_Item</Filter>
    </ClCompile>
    <ClCompile Include="..\Private\Yard_Round.cpp">
      <Filter>01. Levels\02. Game_Yard\Round</Filter>
    </ClCompile>
    <ClCompile Include="..\Private\Particle_Snow.cpp">
      <Filter>02. GameObjects\Effect\Particle\Rect</Filter>
    </ClCompile>
    <ClCompile Include="..\Private\Particle_Explosion.cpp">
      <Filter>02. GameObjects\Effect\Particle\Point</Filter>
    </ClCompile>
    <ClCompile Include="..\Private\Grass_Instancing.cpp">
      <Filter>02. GameObjects\Effect\Particle\Grass</Filter>
    </ClCompile>
    <ClCompile Include="..\Private\Missile_Truck.cpp">
      <Filter>02. GameObjects\Monster\Missile_Truck</Filter>
    </ClCompile>
    <ClCompile Include="..\Private\TruckShooter.cpp">
      <Filter>02. GameObjects\Monster\Missile_Truck\Truck_Shooter</Filter>
    </ClCompile>
    <ClCompile Include="..\Private\TruckBody.cpp">
      <Filter>02. GameObjects\Monster\Missile_Truck\TruckBody</Filter>
    </ClCompile>
    <ClCompile Include="..\Private\Truck_Missile.cpp">
      <Filter>02. GameObjects\Monster\Missile_Truck\Truck_Missile</Filter>
    </ClCompile>
    <ClCompile Include="..\Private\Tracker.cpp">
      <Filter>02. GameObjects\Monster\Missile_Truck\Tracker</Filter>
    </ClCompile>
    <ClCompile Include="..\Private\RifleMan_Idle.cpp">
      <Filter>02. GameObjects\Monster\RifleMan\RifleState\Idle</Filter>
    </ClCompile>
    <ClCompile Include="..\Private\UI_3D.cpp">
      <Filter>02. GameObjects\UI\GamePlay_UI\InGameUI_3D</Filter>
    </ClCompile>
    <ClCompile Include="..\Private\Collector.cpp">
      <Filter>02. GameObjects\Environment\CollectItem</Filter>
    </ClCompile>
    <ClCompile Include="..\Private\Effect_Flare_Rifle.cpp">
      <Filter>02. GameObjects\Effect\Flare_Rifle</Filter>
    </ClCompile>
    <ClCompile Include="..\Private\Effect_Explosion.cpp">
      <Filter>02. GameObjects\Effect\Explosion</Filter>
    </ClCompile>
    <ClCompile Include="..\Private\Explosion.cpp">
      <Filter>02. GameObjects\Attack</Filter>
    </ClCompile>
    <ClCompile Include="..\Private\Effect.cpp">
      <Filter>02. GameObjects\Effect</Filter>
    </ClCompile>
    <ClCompile Include="..\Private\Effect_Explosion_Tank.cpp">
      <Filter>02. GameObjects\Effect\Explosion_Tank</Filter>
    </ClCompile>
    <ClCompile Include="..\Private\Terrain_Crushed.cpp">
      <Filter>02. GameObjects\Effect\Terrain_Crushed</Filter>
    </ClCompile>
    <ClCompile Include="..\Private\Slash_Mesh.cpp">
      <Filter>02. GameObjects\Player\Slash_Mesh</Filter>
    </ClCompile>
    <ClCompile Include="..\Private\Rader_Effect.cpp">
      <Filter>02. GameObjects\Player_Build\Energy_Machine\Rader</Filter>
    </ClCompile>
    <ClCompile Include="..\Private\Effect_Electricity.cpp">
      <Filter>02. GameObjects\Effect\Electricity</Filter>
    </ClCompile>
    <ClCompile Include="..\Private\Katana_Effect.cpp">
      <Filter>02. GameObjects\Effect\Katana_Effect</Filter>
    </ClCompile>
    <ClCompile Include="..\Private\Missile_Flame.cpp">
      <Filter>02. GameObjects\Effect\Missile_Flame</Filter>
    </ClCompile>
  </ItemGroup>
  <ItemGroup>
    <Image Include="Client.ico">
      <Filter>98.Default</Filter>
    </Image>
    <Image Include="small.ico">
      <Filter>98.Default</Filter>
    </Image>
  </ItemGroup>
  <ItemGroup>
    <ResourceCompile Include="Client.rc">
      <Filter>98.Default</Filter>
    </ResourceCompile>
  </ItemGroup>
  <ItemGroup>
    <FxCompile Include="..\Bin\ShaderFiles\Shader_VtxPosTex.hlsl">
      <Filter>97. ShaderFiles</Filter>
    </FxCompile>
    <FxCompile Include="..\Bin\ShaderFiles\Shader_VtxNorTex.hlsl">
      <Filter>97. ShaderFiles</Filter>
    </FxCompile>
    <FxCompile Include="..\Bin\ShaderFiles\Shader_VtxMesh.hlsl">
      <Filter>97. ShaderFiles</Filter>
    </FxCompile>
    <FxCompile Include="..\Bin\ShaderFiles\Shader_VtxAnimMesh.hlsl">
      <Filter>97. ShaderFiles</Filter>
    </FxCompile>
    <FxCompile Include="..\Bin\ShaderFiles\Shader_VtxBoxColor.hlsl">
      <Filter>97. ShaderFiles</Filter>
    </FxCompile>
    <FxCompile Include="..\Bin\ShaderFiles\Shader_VtxItem.hlsl">
      <Filter>97. ShaderFiles</Filter>
    </FxCompile>
    <FxCompile Include="..\Bin\ShaderFiles\Shader_VtxCircle_Gauge.hlsl">
      <Filter>97. ShaderFiles</Filter>
    </FxCompile>
    <FxCompile Include="..\Bin\ShaderFiles\Shader_VtxCube.hlsl">
      <Filter>97. ShaderFiles</Filter>
    </FxCompile>
    <FxCompile Include="..\Bin\ShaderFiles\Shader_VtxCoin.hlsl">
      <Filter>97. ShaderFiles</Filter>
    </FxCompile>
    <FxCompile Include="..\Bin\ShaderFiles\Shader_VtxTrap.hlsl">
      <Filter>97. ShaderFiles</Filter>
    </FxCompile>
    <FxCompile Include="..\Bin\ShaderFiles\Shader_VtxParticleRect.hlsl">
      <Filter>97. ShaderFiles</Filter>
    </FxCompile>
    <FxCompile Include="..\Bin\ShaderFiles\Shader_VtxParticleMesh.hlsl">
      <Filter>97. ShaderFiles</Filter>
    </FxCompile>
    <FxCompile Include="..\Bin\ShaderFiles\Shader_VtxParticlePoint.hlsl">
      <Filter>97. ShaderFiles</Filter>
    </FxCompile>
    <FxCompile Include="..\Bin\ShaderFiles\Shader_VtxMesh_NoDeferred.hlsl">
      <Filter>97. ShaderFiles</Filter>
    </FxCompile>
    <FxCompile Include="..\Bin\ShaderFiles\Shader_Deferred.hlsl">
      <Filter>97. ShaderFiles</Filter>
    </FxCompile>
    <FxCompile Include="..\Bin\ShaderFiles\Shader_VtxEffect.hlsl">
      <Filter>97. ShaderFiles</Filter>
    </FxCompile>
    <FxCompile Include="..\Bin\ShaderFiles\Shader_VtxFog.hlsl">
      <Filter>97. ShaderFiles</Filter>
    </FxCompile>
  </ItemGroup>
  <ItemGroup>
    <None Include="..\Bin\ShaderFiles\Engine_Shader_Defines.hlsli">
      <Filter>97. ShaderFiles</Filter>
    </None>
  </ItemGroup>
</Project>